
Microsoft Visual Studio Solution File, Format Version 12.00
# Visual Studio Version 17
VisualStudioVersion = 17.12.35527.113
MinimumVisualStudioVersion = 10.0.40219.1
Project("{FAE04EC0-301F-11D3-BF4B-00C04F79EFBC}") = "CodingTask", "CodingTask\CodingTask.csproj", "{6981E080-6478-4A85-BF97-0740D89E2923}"
EndProject
Project("{FAE04EC0-301F-11D3-BF4B-00C04F79EFBC}") = "Services", "Services\Services.csproj", "{D9CF1A22-15FD-4B7E-B258-74F80A02BCAF}"
EndProject
Project("{FAE04EC0-301F-11D3-BF4B-00C04F79EFBC}") = "Interfaces", "Interfaces\Interfaces.csproj", "{800C26B4-74AC-4A70-8264-3B7D36516AAC}"
EndProject
Project("{FAE04EC0-301F-11D3-BF4B-00C04F79EFBC}") = "Repositories", "Repositories\Repositories.csproj", "{2CD207DF-B35B-4C5C-A959-59D039EC2DD4}"
EndProject
Project("{FAE04EC0-301F-11D3-BF4B-00C04F79EFBC}") = "DTOs", "DTOs\DTOs.csproj", "{E61D8069-53ED-4556-9507-D0CD9A294023}"
EndProject
Project("{FAE04EC0-301F-11D3-BF4B-00C04F79EFBC}") = "Integrations", "Integrations\Integrations.csproj", "{803627DA-90E0-41C0-BA02-4F75922F537D}"
EndProject
Project("{FAE04EC0-301F-11D3-BF4B-00C04F79EFBC}") = "DI", "DI\DI.csproj", "{B05F61C2-2F44-482C-B7ED-780EB9CDCCB6}"
EndProject
Project("{FAE04EC0-301F-11D3-BF4B-00C04F79EFBC}") = "UnitTests", "UnitTests\UnitTests.csproj", "{895E26B1-6583-4148-8578-4952560169AF}"
EndProject
Global
	GlobalSection(SolutionConfigurationPlatforms) = preSolution
		Debug|Any CPU = Debug|Any CPU
		Release|Any CPU = Release|Any CPU
	EndGlobalSection
	GlobalSection(ProjectConfigurationPlatforms) = postSolution
		{6981E080-6478-4A85-BF97-0740D89E2923}.Debug|Any CPU.ActiveCfg = Debug|Any CPU
		{6981E080-6478-4A85-BF97-0740D89E2923}.Debug|Any CPU.Build.0 = Debug|Any CPU
		{6981E080-6478-4A85-BF97-0740D89E2923}.Release|Any CPU.ActiveCfg = Release|Any CPU
		{6981E080-6478-4A85-BF97-0740D89E2923}.Release|Any CPU.Build.0 = Release|Any CPU
		{D9CF1A22-15FD-4B7E-B258-74F80A02BCAF}.Debug|Any CPU.ActiveCfg = Debug|Any CPU
		{D9CF1A22-15FD-4B7E-B258-74F80A02BCAF}.Debug|Any CPU.Build.0 = Debug|Any CPU
		{D9CF1A22-15FD-4B7E-B258-74F80A02BCAF}.Release|Any CPU.ActiveCfg = Release|Any CPU
		{D9CF1A22-15FD-4B7E-B258-74F80A02BCAF}.Release|Any CPU.Build.0 = Release|Any CPU
		{800C26B4-74AC-4A70-8264-3B7D36516AAC}.Debug|Any CPU.ActiveCfg = Debug|Any CPU
		{800C26B4-74AC-4A70-8264-3B7D36516AAC}.Debug|Any CPU.Build.0 = Debug|Any CPU
		{800C26B4-74AC-4A70-8264-3B7D36516AAC}.Release|Any CPU.ActiveCfg = Release|Any CPU
		{800C26B4-74AC-4A70-8264-3B7D36516AAC}.Release|Any CPU.Build.0 = Release|Any CPU
		{2CD207DF-B35B-4C5C-A959-59D039EC2DD4}.Debug|Any CPU.ActiveCfg = Debug|Any CPU
		{2CD207DF-B35B-4C5C-A959-59D039EC2DD4}.Debug|Any CPU.Build.0 = Debug|Any CPU
		{2CD207DF-B35B-4C5C-A959-59D039EC2DD4}.Release|Any CPU.ActiveCfg = Release|Any CPU
		{2CD207DF-B35B-4C5C-A959-59D039EC2DD4}.Release|Any CPU.Build.0 = Release|Any CPU
		{E61D8069-53ED-4556-9507-D0CD9A294023}.Debug|Any CPU.ActiveCfg = Debug|Any CPU
		{E61D8069-53ED-4556-9507-D0CD9A294023}.Debug|Any CPU.Build.0 = Debug|Any CPU
		{E61D8069-53ED-4556-9507-D0CD9A294023}.Release|Any CPU.ActiveCfg = Release|Any CPU
		{E61D8069-53ED-4556-9507-D0CD9A294023}.Release|Any CPU.Build.0 = Release|Any CPU
		{803627DA-90E0-41C0-BA02-4F75922F537D}.Debug|Any CPU.ActiveCfg = Debug|Any CPU
		{803627DA-90E0-41C0-BA02-4F75922F537D}.Debug|Any CPU.Build.0 = Debug|Any CPU
		{803627DA-90E0-41C0-BA02-4F75922F537D}.Release|Any CPU.ActiveCfg = Release|Any CPU
		{803627DA-90E0-41C0-BA02-4F75922F537D}.Release|Any CPU.Build.0 = Release|Any CPU
		{B05F61C2-2F44-482C-B7ED-780EB9CDCCB6}.Debug|Any CPU.ActiveCfg = Debug|Any CPU
		{B05F61C2-2F44-482C-B7ED-780EB9CDCCB6}.Debug|Any CPU.Build.0 = Debug|Any CPU
		{B05F61C2-2F44-482C-B7ED-780EB9CDCCB6}.Release|Any CPU.ActiveCfg = Release|Any CPU
		{B05F61C2-2F44-482C-B7ED-780EB9CDCCB6}.Release|Any CPU.Build.0 = Release|Any CPU
		{895E26B1-6583-4148-8578-4952560169AF}.Debug|Any CPU.ActiveCfg = Debug|Any CPU
		{895E26B1-6583-4148-8578-4952560169AF}.Debug|Any CPU.Build.0 = Debug|Any CPU
		{895E26B1-6583-4148-8578-4952560169AF}.Release|Any CPU.ActiveCfg = Release|Any CPU
		{895E26B1-6583-4148-8578-4952560169AF}.Release|Any CPU.Build.0 = Release|Any CPU
	EndGlobalSection
	GlobalSection(SolutionProperties) = preSolution
		HideSolutionNode = FALSE
	EndGlobalSection
EndGlobal
